
Microsoft Visual Studio Solution File, Format Version 12.00
# Visual Studio Version 17
VisualStudioVersion = 17.10.35013.160
MinimumVisualStudioVersion = 10.0.40219.1
Project("{FAE04EC0-301F-11D3-BF4B-00C04F79EFBC}") = "SqlConsole", "SqlConsole\SqlConsole.csproj", "{F02B3A86-70A6-4FF5-8474-B7680B1AEBD2}"
EndProject
Project("{FAE04EC0-301F-11D3-BF4B-00C04F79EFBC}") = "SqlServerLib", "SqlServerLib\SqlServerLib.csproj", "{3BE91BCD-6923-4654-9930-5F807034B146}"
EndProject
Global
	GlobalSection(SolutionConfigurationPlatforms) = preSolution
		Debug|Any CPU = Debug|Any CPU
		Release|Any CPU = Release|Any CPU
	EndGlobalSection
	GlobalSection(ProjectConfigurationPlatforms) = postSolution
		{F02B3A86-70A6-4FF5-8474-B7680B1AEBD2}.Debug|Any CPU.ActiveCfg = Debug|Any CPU
		{F02B3A86-70A6-4FF5-8474-B7680B1AEBD2}.Debug|Any CPU.Build.0 = Debug|Any CPU
		{F02B3A86-70A6-4FF5-8474-B7680B1AEBD2}.Release|Any CPU.ActiveCfg = Release|Any CPU
		{F02B3A86-70A6-4FF5-8474-B7680B1AEBD2}.Release|Any CPU.Build.0 = Release|Any CPU
		{3BE91BCD-6923-4654-9930-5F807034B146}.Debug|Any CPU.ActiveCfg = Debug|Any CPU
		{3BE91BCD-6923-4654-9930-5F807034B146}.Debug|Any CPU.Build.0 = Debug|Any CPU
		{3BE91BCD-6923-4654-9930-5F807034B146}.Release|Any CPU.ActiveCfg = Release|Any CPU
		{3BE91BCD-6923-4654-9930-5F807034B146}.Release|Any CPU.Build.0 = Release|Any CPU
	EndGlobalSection
	GlobalSection(SolutionProperties) = preSolution
		HideSolutionNode = FALSE
	EndGlobalSection
	GlobalSection(ExtensibilityGlobals) = postSolution
		SolutionGuid = {694D55E9-C204-4482-A16B-F7F378E975A4}
	EndGlobalSection
EndGlobal
